
Microsoft Visual Studio Solution File, Format Version 12.00
# Visual Studio Version 17
VisualStudioVersion = 17.11.35327.3
MinimumVisualStudioVersion = 10.0.40219.1
Project("{FAE04EC0-301F-11D3-BF4B-00C04F79EFBC}") = "AluraCrawler", "src\AluraCrawler.csproj", "{0D5CA9C3-8769-4C9F-9285-2FA553A1F524}"
EndProject
Global
	GlobalSection(SolutionConfigurationPlatforms) = preSolution
		Debug|Any CPU = Debug|Any CPU
		Release|Any CPU = Release|Any CPU
	EndGlobalSection
	GlobalSection(ProjectConfigurationPlatforms) = postSolution
		{0D5CA9C3-8769-4C9F-9285-2FA553A1F524}.Debug|Any CPU.ActiveCfg = Debug|Any CPU
		{0D5CA9C3-8769-4C9F-9285-2FA553A1F524}.Debug|Any CPU.Build.0 = Debug|Any CPU
		{0D5CA9C3-8769-4C9F-9285-2FA553A1F524}.Release|Any CPU.ActiveCfg = Release|Any CPU
		{0D5CA9C3-8769-4C9F-9285-2FA553A1F524}.Release|Any CPU.Build.0 = Release|Any CPU
	EndGlobalSection
	GlobalSection(SolutionProperties) = preSolution
		HideSolutionNode = FALSE
	EndGlobalSection
	GlobalSection(ExtensibilityGlobals) = postSolution
		SolutionGuid = {1C15DA4B-E8A6-45E4-B5AD-F4D3045AE95D}
	EndGlobalSection
EndGlobal
